
Microsoft Visual Studio Solution File, Format Version 12.00
# Visual Studio Version 17
VisualStudioVersion = 17.5.002.0
MinimumVisualStudioVersion = 10.0.40219.1
Project("{9A19103F-16F7-4668-BE54-9A1E7A4F7556}") = "draw", "draw.csproj", "{4CB19800-21BE-4C74-96F1-9CBCE235BD01}"
EndProject
Global
	GlobalSection(SolutionConfigurationPlatforms) = preSolution
		Debug|Any CPU = Debug|Any CPU
		Release|Any CPU = Release|Any CPU
	EndGlobalSection
	GlobalSection(ProjectConfigurationPlatforms) = postSolution
		{4CB19800-21BE-4C74-96F1-9CBCE235BD01}.Debug|Any CPU.ActiveCfg = Debug|Any CPU
		{4CB19800-21BE-4C74-96F1-9CBCE235BD01}.Debug|Any CPU.Build.0 = Debug|Any CPU
		{4CB19800-21BE-4C74-96F1-9CBCE235BD01}.Release|Any CPU.ActiveCfg = Release|Any CPU
		{4CB19800-21BE-4C74-96F1-9CBCE235BD01}.Release|Any CPU.Build.0 = Release|Any CPU
	EndGlobalSection
	GlobalSection(SolutionProperties) = preSolution
		HideSolutionNode = FALSE
	EndGlobalSection
	GlobalSection(ExtensibilityGlobals) = postSolution
		SolutionGuid = {116AD7DD-8E7F-4B55-A75B-38D104ED8B39}
	EndGlobalSection
EndGlobal
